{
  "version": 4,
  "terraform_version": "1.3.4",
  "serial": 204,
  "lineage": "ab9e860b-14d9-0c3b-fd91-177c165bd953",
  "outputs": {},
  "resources": [
    {
      "mode": "managed",
      "type": "digitalocean_domain",
      "name": "smartquail",
      "provider": "provider[\"registry.terraform.io/digitalocean/digitalocean\"]",
      "instances": [
        {
          "schema_version": 0,
          "attributes": {
            "id": "smartquail.io",
            "ip_address": "143.198.58.179",
            "name": "smartquail.io",
            "ttl": 1800,
            "urn": "do:domain:smartquail.io"
          },
          "sensitive_attributes": [],
          "private": "bnVsbA==",
          "dependencies": [
            "digitalocean_droplet.QNODE41",
            "digitalocean_ssh_key.qnd41"
          ]
        }
      ]
    },
    {
      "mode": "managed",
      "type": "digitalocean_droplet",
      "name": "QNODE41",
      "provider": "provider[\"registry.terraform.io/digitalocean/digitalocean\"]",
      "instances": [
        {
          "schema_version": 1,
          "attributes": {
            "backups": false,
            "created_at": "2022-11-15T01:28:44Z",
            "disk": 60,
            "droplet_agent": null,
            "graceful_shutdown": false,
            "id": "326025827",
            "image": "ubuntu-22-04-x64",
            "ipv4_address": "143.198.58.179",
            "ipv4_address_private": "10.124.0.2",
            "ipv6": false,
            "ipv6_address": "",
            "locked": false,
            "memory": 2048,
            "monitoring": false,
            "name": "QNODE41",
            "price_hourly": 0.02679,
            "price_monthly": 18,
            "private_networking": true,
            "region": "sfo3",
            "resize_disk": true,
            "size": "s-2vcpu-2gb",
            "ssh_keys": [
              "e9:ba:68:3d:da:f7:d5:48:b9:13:e5:6d:0d:2f:aa:f1"
            ],
            "status": "active",
            "tags": null,
            "timeouts": null,
            "urn": "do:droplet:326025827",
            "user_data": "b618f4b50ce5b302d44f4ea58cf1253ad8e1c9e8",
            "vcpus": 2,
            "volume_ids": [],
            "vpc_uuid": "9d8418ce-1876-4a0f-bbf4-4d89e17d26ae"
          },
          "sensitive_attributes": [],
          "private": "eyJlMmJmYjczMC1lY2FhLTExZTYtOGY4OC0zNDM2M2JjN2M0YzAiOnsiY3JlYXRlIjozNjAwMDAwMDAwMDAwLCJkZWxldGUiOjYwMDAwMDAwMDAwLCJ1cGRhdGUiOjM2MDAwMDAwMDAwMDB9LCJzY2hlbWFfdmVyc2lvbiI6IjEifQ==",
          "dependencies": [
            "digitalocean_ssh_key.qnd41"
          ]
        }
      ]
    },
    {
      "mode": "managed",
      "type": "digitalocean_record",
      "name": "www",
      "provider": "provider[\"registry.terraform.io/digitalocean/digitalocean\"]",
      "instances": [
        {
          "schema_version": 0,
          "attributes": {
            "domain": "smartquail.io",
            "flags": 0,
            "fqdn": "smartquail.smartquail.io",
            "id": "348906948",
            "name": "smartquail",
            "port": 0,
            "priority": 0,
            "tag": "",
            "ttl": 50,
            "type": "A",
            "value": "143.198.58.179",
            "weight": 0
          },
          "sensitive_attributes": [],
          "private": "bnVsbA==",
          "dependencies": [
            "digitalocean_domain.smartquail",
            "digitalocean_droplet.QNODE41",
            "digitalocean_ssh_key.qnd41"
          ]
        }
      ]
    },
    {
      "mode": "managed",
      "type": "digitalocean_spaces_bucket",
      "name": "qnd41-staticfiles",
      "provider": "provider[\"registry.terraform.io/digitalocean/digitalocean\"]",
      "instances": [
        {
          "schema_version": 0,
          "attributes": {
            "acl": "public-read",
            "bucket_domain_name": "qnd41-staticfiles.sfo3.digitaloceanspaces.com",
            "cors_rule": [],
            "force_destroy": false,
            "id": "qnd41-staticfiles",
            "lifecycle_rule": [],
            "name": "qnd41-staticfiles",
            "region": "sfo3",
            "urn": "do:space:qnd41-staticfiles",
            "versioning": [
              {
                "enabled": false
              }
            ]
          },
          "sensitive_attributes": [],
          "private": "bnVsbA=="
        }
      ]
    },
    {
      "mode": "managed",
      "type": "digitalocean_ssh_key",
      "name": "qnd41",
      "provider": "provider[\"registry.terraform.io/digitalocean/digitalocean\"]",
      "instances": [
        {
          "schema_version": 0,
          "attributes": {
            "fingerprint": "e9:ba:68:3d:da:f7:d5:48:b9:13:e5:6d:0d:2f:aa:f1",
            "id": "36769119",
            "name": "qnd41",
            "public_key": "ssh-rsa AAAAB3NzaC1yc2EAAAADAQABAAABgQDOe1HWqlOqVFpdVYEufyvfKpbxoFXV0WYLnRl+HjbxSLw8vi8Um8tsj8YM9Yi0BwczKc/PxQYgDjLfy8Oa+uik5Qex4bUB4aPkT4vPF6XILytJHWl6X6B4xsLW+lbTrPJibG/ut+8rv9AYm0wSvziiMiMgkbvGYHstJEZNJe1UjWzc1kaVCQt7hP2gI6v3U9w1Dv+ClKG5Kp1/oolvEPddhq7FP9LZi+y0sgfam/gkAwet1CbiDdR7bGXwzz57lv8kbU2SnrwDPoxAZKaQfHC9RKhnwmJHkumDvsdtUJJPt7caJgKVjjhR7X0wq3wWupA9Vpd2HuKb7Z9Xlxz1S3axd86NVLB0omGC71oLgnDrlH/LKESHthHIWtZnYOToAf9aFnkYJWmmlZIdQPSEN0szEnPalXLswyWZnNDCEZCsXBvPL+FtK3vJ0ip1qMJN3poxjsPdv+fzCb9JbXgi9BePO5uJdBZYTizlGBEnUsrgLB8kLZMnxiOgXTJibf6y0HU= smartquail@MacBook-Air-de-smartquail.local"
          },
          "sensitive_attributes": [],
          "private": "bnVsbA=="
        }
      ]
    }
  ],
  "check_results": null
}
