{
  "version": 4,
  "terraform_version": "1.3.1",
  "serial": 126,
  "lineage": "ab9e860b-14d9-0c3b-fd91-177c165bd953",
  "outputs": {},
  "resources": [
    {
      "mode": "managed",
      "type": "digitalocean_domain",
      "name": "smartquail",
      "provider": "provider[\"registry.terraform.io/digitalocean/digitalocean\"]",
      "instances": []
    },
    {
      "mode": "managed",
      "type": "digitalocean_record",
      "name": "www",
      "provider": "provider[\"registry.terraform.io/digitalocean/digitalocean\"]",
      "instances": []
    },
    {
      "mode": "managed",
      "type": "digitalocean_spaces_bucket",
      "name": "qnd41-static",
      "provider": "provider[\"registry.terraform.io/digitalocean/digitalocean\"]",
      "instances": [
        {
          "schema_version": 0,
          "attributes": {
            "acl": "public-read",
            "bucket_domain_name": "qnd41-staticfiles.sfo3.digitaloceanspaces.com",
            "cors_rule": [],
            "force_destroy": false,
            "id": "qnd41-staticfiles",
            "lifecycle_rule": [],
            "name": "qnd41-staticfiles",
            "region": "sfo3",
            "urn": "do:space:qnd41-staticfiles",
            "versioning": [
              {
                "enabled": false
              }
            ]
          },
          "sensitive_attributes": [],
          "private": "bnVsbA=="
        }
      ]
    },
    {
      "mode": "managed",
      "type": "digitalocean_ssh_key",
      "name": "qnode41",
      "provider": "provider[\"registry.terraform.io/digitalocean/digitalocean\"]",
      "instances": [
        {
          "schema_version": 0,
          "attributes": {
            "fingerprint": "ed:d3:38:51:f4:9c:96:44:6b:39:82:ff:c8:9f:77:ae",
            "id": "36661130",
            "name": "qnode41",
            "public_key": "ssh-rsa AAAAB3NzaC1yc2EAAAADAQABAAABgQDsUlIbimRg3YoaAL5y4zXIs+ze1F6TJTEIiqSp/XB5DLs6unqWIZac2zZ9Zl6kt5/1OJa7Ksgv7UIgAlpoDFPBahLJXR/3/ZBInstuK3upgmtP4/svneHNg194GAHN7TwwoCppnWQHqpLAjvC+bNCxGq1dtS15MMojpuIrDecR8ze9JdNSrfQyZebahEW3qCLGnwRPPSWiyf7NEW8Q2qJtJdU1IaFxRi5LypRa82HEau0r+IickoPh7Bz3D+MAlEvLANHLXhDaXVjo53suxuP6UzD9Z7zR8uw3fPlXHbfYThHTY6p+IL6QqEoR4L+U8/KTxV8s4Twa9CLlCCNHOkWY6ShmZKln91t9gE9Bra2/2FKtOUZnflf4J6MWXYTIlgzAKaZ1gG1QQ3M+IVYkgiPJqj2uIwqV4uvWil8aiQF3cZRFD+NrSFoT2Xx3O/6pxW67XOwD69TOlMK//k9hSOpS1V0iPX6rsZOCLnzp05wnQoVkKueRbZmO44AFMS6vb+M= smarquaildev@SmartQuailOPSs.local"
          },
          "sensitive_attributes": [],
          "private": "bnVsbA=="
        }
      ]
    }
  ],
  "check_results": []
}
